{
  "version": 4,
  "terraform_version": "1.1.2",
  "serial": 14,
  "lineage": "4b7fe2ad-88fd-cbdd-320c-f8a00394763f",
  "outputs": {},
  "resources": [
    {
      "mode": "managed",
      "type": "google_compute_firewall",
      "name": "firewall-iap",
      "provider": "provider[\"registry.terraform.io/hashicorp/google\"]",
      "instances": [
        {
          "schema_version": 1,
          "attributes": {
            "allow": [
              {
                "ports": [
                  "80",
                  "22"
                ],
                "protocol": "tcp"
              }
            ],
            "creation_timestamp": "2022-02-09T13:25:15.159-08:00",
            "deny": [],
            "description": "",
            "destination_ranges": [],
            "direction": "INGRESS",
            "disabled": false,
            "enable_logging": null,
            "id": "projects/iti-project-340821/global/firewalls/firewall-iap",
            "log_config": [],
            "name": "firewall-iap",
            "network": "https://www.googleapis.com/compute/v1/projects/iti-project-340821/global/networks/gp-vpc",
            "priority": 1000,
            "project": "iti-project-340821",
            "self_link": "https://www.googleapis.com/compute/v1/projects/iti-project-340821/global/firewalls/firewall-iap",
            "source_ranges": [
              "35.235.240.0/20"
            ],
            "source_service_accounts": null,
            "source_tags": null,
            "target_service_accounts": null,
            "target_tags": null,
            "timeouts": null
          },
          "sensitive_attributes": [],
          "private": "eyJlMmJmYjczMC1lY2FhLTExZTYtOGY4OC0zNDM2M2JjN2M0YzAiOnsiY3JlYXRlIjoxMjAwMDAwMDAwMDAwLCJkZWxldGUiOjEyMDAwMDAwMDAwMDAsInVwZGF0ZSI6MTIwMDAwMDAwMDAwMH0sInNjaGVtYV92ZXJzaW9uIjoiMSJ9",
          "dependencies": [
            "google_compute_network.gp-vpc"
          ]
        }
      ]
    },
    {
      "mode": "managed",
      "type": "google_compute_instance",
      "name": "agent_vm",
      "provider": "provider[\"registry.terraform.io/hashicorp/google\"]",
      "instances": [
        {
          "schema_version": 6,
          "attributes": {
            "advanced_machine_features": [],
            "allow_stopping_for_update": null,
            "attached_disk": [],
            "boot_disk": [
              {
                "auto_delete": true,
                "device_name": "persistent-disk-0",
                "disk_encryption_key_raw": "",
                "disk_encryption_key_sha256": "",
                "initialize_params": [
                  {
                    "image": "https://www.googleapis.com/compute/v1/projects/ubuntu-os-pro-cloud/global/images/ubuntu-pro-2004-focal-v20220204",
                    "labels": {},
                    "size": 10,
                    "type": "pd-standard"
                  }
                ],
                "kms_key_self_link": "",
                "mode": "READ_WRITE",
                "source": "https://www.googleapis.com/compute/v1/projects/iti-project-340821/zones/europe-west1-b/disks/agent-vm"
              }
            ],
            "can_ip_forward": false,
            "confidential_instance_config": [],
            "cpu_platform": "Intel Broadwell",
            "current_status": "RUNNING",
            "deletion_protection": false,
            "description": "",
            "desired_status": null,
            "enable_display": false,
            "guest_accelerator": [],
            "hostname": "",
            "id": "projects/iti-project-340821/zones/europe-west1-b/instances/agent-vm",
            "instance_id": "3273295562717892539",
            "label_fingerprint": "42WmSpB8rSM=",
            "labels": null,
            "machine_type": "e2-micro",
            "metadata": null,
            "metadata_fingerprint": "3IljL_vb6WU=",
            "metadata_startup_script": null,
            "min_cpu_platform": "",
            "name": "agent-vm",
            "network_interface": [
              {
                "access_config": [],
                "alias_ip_range": [],
                "ipv6_access_config": [],
                "ipv6_access_type": "",
                "name": "nic0",
                "network": "https://www.googleapis.com/compute/v1/projects/iti-project-340821/global/networks/gp-vpc",
                "network_ip": "10.0.1.3",
                "nic_type": "",
                "queue_count": 0,
                "stack_type": "IPV4_ONLY",
                "subnetwork": "https://www.googleapis.com/compute/v1/projects/iti-project-340821/regions/europe-west1/subnetworks/main-subnet",
                "subnetwork_project": "iti-project-340821"
              }
            ],
            "project": "iti-project-340821",
            "reservation_affinity": [],
            "resource_policies": null,
            "scheduling": [
              {
                "automatic_restart": true,
                "min_node_cpus": 0,
                "node_affinities": [],
                "on_host_maintenance": "MIGRATE",
                "preemptible": false
              }
            ],
            "scratch_disk": [],
            "self_link": "https://www.googleapis.com/compute/v1/projects/iti-project-340821/zones/europe-west1-b/instances/agent-vm",
            "service_account": [
              {
                "email": "private-vm-sa@iti-project-340821.iam.gserviceaccount.com",
                "scopes": [
                  "https://www.googleapis.com/auth/cloud-platform"
                ]
              }
            ],
            "shielded_instance_config": [
              {
                "enable_integrity_monitoring": true,
                "enable_secure_boot": false,
                "enable_vtpm": true
              }
            ],
            "tags": null,
            "tags_fingerprint": "42WmSpB8rSM=",
            "timeouts": null,
            "zone": "europe-west1-b"
          },
          "sensitive_attributes": [],
          "private": "eyJlMmJmYjczMC1lY2FhLTExZTYtOGY4OC0zNDM2M2JjN2M0YzAiOnsiY3JlYXRlIjoxMjAwMDAwMDAwMDAwLCJkZWxldGUiOjEyMDAwMDAwMDAwMDAsInVwZGF0ZSI6MTIwMDAwMDAwMDAwMH0sInNjaGVtYV92ZXJzaW9uIjoiNiJ9",
          "dependencies": [
            "google_compute_network.gp-vpc",
            "google_compute_subnetwork.main_subnet",
            "google_service_account.private-vm-sa"
          ]
        }
      ]
    },
    {
      "mode": "managed",
      "type": "google_compute_instance",
      "name": "ansible_vm",
      "provider": "provider[\"registry.terraform.io/hashicorp/google\"]",
      "instances": [
        {
          "schema_version": 6,
          "attributes": {
            "advanced_machine_features": [],
            "allow_stopping_for_update": null,
            "attached_disk": [],
            "boot_disk": [
              {
                "auto_delete": true,
                "device_name": "persistent-disk-0",
                "disk_encryption_key_raw": "",
                "disk_encryption_key_sha256": "",
                "initialize_params": [
                  {
                    "image": "https://www.googleapis.com/compute/v1/projects/ubuntu-os-pro-cloud/global/images/ubuntu-pro-2004-focal-v20220204",
                    "labels": {},
                    "size": 10,
                    "type": "pd-standard"
                  }
                ],
                "kms_key_self_link": "",
                "mode": "READ_WRITE",
                "source": "https://www.googleapis.com/compute/v1/projects/iti-project-340821/zones/europe-west1-b/disks/ansible-vm"
              }
            ],
            "can_ip_forward": false,
            "confidential_instance_config": [],
            "cpu_platform": "Intel Broadwell",
            "current_status": "RUNNING",
            "deletion_protection": false,
            "description": "",
            "desired_status": null,
            "enable_display": false,
            "guest_accelerator": [],
            "hostname": "",
            "id": "projects/iti-project-340821/zones/europe-west1-b/instances/ansible-vm",
            "instance_id": "3670771464290275259",
            "label_fingerprint": "42WmSpB8rSM=",
            "labels": null,
            "machine_type": "e2-micro",
            "metadata": null,
            "metadata_fingerprint": "3IljL_vb6WU=",
            "metadata_startup_script": null,
            "min_cpu_platform": "",
            "name": "ansible-vm",
            "network_interface": [
              {
                "access_config": [],
                "alias_ip_range": [],
                "ipv6_access_config": [],
                "ipv6_access_type": "",
                "name": "nic0",
                "network": "https://www.googleapis.com/compute/v1/projects/iti-project-340821/global/networks/gp-vpc",
                "network_ip": "10.0.1.2",
                "nic_type": "",
                "queue_count": 0,
                "stack_type": "IPV4_ONLY",
                "subnetwork": "https://www.googleapis.com/compute/v1/projects/iti-project-340821/regions/europe-west1/subnetworks/main-subnet",
                "subnetwork_project": "iti-project-340821"
              }
            ],
            "project": "iti-project-340821",
            "reservation_affinity": [],
            "resource_policies": null,
            "scheduling": [
              {
                "automatic_restart": true,
                "min_node_cpus": 0,
                "node_affinities": [],
                "on_host_maintenance": "MIGRATE",
                "preemptible": false
              }
            ],
            "scratch_disk": [],
            "self_link": "https://www.googleapis.com/compute/v1/projects/iti-project-340821/zones/europe-west1-b/instances/ansible-vm",
            "service_account": [
              {
                "email": "private-vm-sa@iti-project-340821.iam.gserviceaccount.com",
                "scopes": [
                  "https://www.googleapis.com/auth/cloud-platform"
                ]
              }
            ],
            "shielded_instance_config": [
              {
                "enable_integrity_monitoring": true,
                "enable_secure_boot": false,
                "enable_vtpm": true
              }
            ],
            "tags": null,
            "tags_fingerprint": "42WmSpB8rSM=",
            "timeouts": null,
            "zone": "europe-west1-b"
          },
          "sensitive_attributes": [],
          "private": "eyJlMmJmYjczMC1lY2FhLTExZTYtOGY4OC0zNDM2M2JjN2M0YzAiOnsiY3JlYXRlIjoxMjAwMDAwMDAwMDAwLCJkZWxldGUiOjEyMDAwMDAwMDAwMDAsInVwZGF0ZSI6MTIwMDAwMDAwMDAwMH0sInNjaGVtYV92ZXJzaW9uIjoiNiJ9",
          "dependencies": [
            "google_compute_network.gp-vpc",
            "google_compute_subnetwork.main_subnet",
            "google_service_account.private-vm-sa"
          ]
        }
      ]
    },
    {
      "mode": "managed",
      "type": "google_compute_network",
      "name": "gp-vpc",
      "provider": "provider[\"registry.terraform.io/hashicorp/google\"]",
      "instances": [
        {
          "schema_version": 0,
          "attributes": {
            "auto_create_subnetworks": false,
            "delete_default_routes_on_create": false,
            "description": "",
            "gateway_ipv4": "",
            "id": "projects/iti-project-340821/global/networks/gp-vpc",
            "mtu": 0,
            "name": "gp-vpc",
            "project": "iti-project-340821",
            "routing_mode": "REGIONAL",
            "self_link": "https://www.googleapis.com/compute/v1/projects/iti-project-340821/global/networks/gp-vpc",
            "timeouts": null
          },
          "sensitive_attributes": [],
          "private": "eyJlMmJmYjczMC1lY2FhLTExZTYtOGY4OC0zNDM2M2JjN2M0YzAiOnsiY3JlYXRlIjoxMjAwMDAwMDAwMDAwLCJkZWxldGUiOjEyMDAwMDAwMDAwMDAsInVwZGF0ZSI6MTIwMDAwMDAwMDAwMH19"
        }
      ]
    },
    {
      "mode": "managed",
      "type": "google_compute_router",
      "name": "router",
      "provider": "provider[\"registry.terraform.io/hashicorp/google\"]",
      "instances": [
        {
          "schema_version": 0,
          "attributes": {
            "bgp": [
              {
                "advertise_mode": "DEFAULT",
                "advertised_groups": null,
                "advertised_ip_ranges": [],
                "asn": 64514
              }
            ],
            "creation_timestamp": "2022-02-09T13:25:39.569-08:00",
            "description": "",
            "encrypted_interconnect_router": false,
            "id": "projects/iti-project-340821/regions/europe-west1/routers/router",
            "name": "router",
            "network": "https://www.googleapis.com/compute/v1/projects/iti-project-340821/global/networks/gp-vpc",
            "project": "iti-project-340821",
            "region": "europe-west1",
            "self_link": "https://www.googleapis.com/compute/v1/projects/iti-project-340821/regions/europe-west1/routers/router",
            "timeouts": null
          },
          "sensitive_attributes": [],
          "private": "eyJlMmJmYjczMC1lY2FhLTExZTYtOGY4OC0zNDM2M2JjN2M0YzAiOnsiY3JlYXRlIjoxMjAwMDAwMDAwMDAwLCJkZWxldGUiOjEyMDAwMDAwMDAwMDAsInVwZGF0ZSI6MTIwMDAwMDAwMDAwMH19",
          "dependencies": [
            "google_compute_network.gp-vpc",
            "google_compute_subnetwork.main_subnet"
          ]
        }
      ]
    },
    {
      "mode": "managed",
      "type": "google_compute_router_nat",
      "name": "nat_gateway",
      "provider": "provider[\"registry.terraform.io/hashicorp/google\"]",
      "instances": [
        {
          "schema_version": 0,
          "attributes": {
            "drain_nat_ips": null,
            "enable_endpoint_independent_mapping": true,
            "icmp_idle_timeout_sec": 30,
            "id": "iti-project-340821/europe-west1/router/nat",
            "log_config": [],
            "min_ports_per_vm": 0,
            "name": "nat",
            "nat_ip_allocate_option": "AUTO_ONLY",
            "nat_ips": null,
            "project": "iti-project-340821",
            "region": "europe-west1",
            "router": "router",
            "source_subnetwork_ip_ranges_to_nat": "LIST_OF_SUBNETWORKS",
            "subnetwork": [
              {
                "name": "projects/iti-project-340821/regions/europe-west1/subnetworks/main-subnet",
                "secondary_ip_range_names": [],
                "source_ip_ranges_to_nat": [
                  "ALL_IP_RANGES"
                ]
              }
            ],
            "tcp_established_idle_timeout_sec": 1200,
            "tcp_transitory_idle_timeout_sec": 30,
            "timeouts": null,
            "udp_idle_timeout_sec": 30
          },
          "sensitive_attributes": [],
          "private": "eyJlMmJmYjczMC1lY2FhLTExZTYtOGY4OC0zNDM2M2JjN2M0YzAiOnsiY3JlYXRlIjoxMjAwMDAwMDAwMDAwLCJkZWxldGUiOjEyMDAwMDAwMDAwMDAsInVwZGF0ZSI6MTIwMDAwMDAwMDAwMH19",
          "dependencies": [
            "google_compute_network.gp-vpc",
            "google_compute_router.router",
            "google_compute_subnetwork.main_subnet"
          ]
        }
      ]
    },
    {
      "mode": "managed",
      "type": "google_compute_subnetwork",
      "name": "main_subnet",
      "provider": "provider[\"registry.terraform.io/hashicorp/google\"]",
      "instances": [
        {
          "schema_version": 0,
          "attributes": {
            "creation_timestamp": "2022-02-09T13:25:16.048-08:00",
            "description": "",
            "external_ipv6_prefix": "",
            "fingerprint": null,
            "gateway_address": "10.0.1.1",
            "id": "projects/iti-project-340821/regions/europe-west1/subnetworks/main-subnet",
            "ip_cidr_range": "10.0.1.0/24",
            "ipv6_access_type": "",
            "ipv6_cidr_range": "",
            "log_config": [],
            "name": "main-subnet",
            "network": "https://www.googleapis.com/compute/v1/projects/iti-project-340821/global/networks/gp-vpc",
            "private_ip_google_access": false,
            "private_ipv6_google_access": "DISABLE_GOOGLE_ACCESS",
            "project": "iti-project-340821",
            "purpose": "PRIVATE",
            "region": "europe-west1",
            "role": "",
            "secondary_ip_range": [],
            "self_link": "https://www.googleapis.com/compute/v1/projects/iti-project-340821/regions/europe-west1/subnetworks/main-subnet",
            "stack_type": "IPV4_ONLY",
            "timeouts": null
          },
          "sensitive_attributes": [],
          "private": "eyJlMmJmYjczMC1lY2FhLTExZTYtOGY4OC0zNDM2M2JjN2M0YzAiOnsiY3JlYXRlIjoxMjAwMDAwMDAwMDAwLCJkZWxldGUiOjEyMDAwMDAwMDAwMDAsInVwZGF0ZSI6MTIwMDAwMDAwMDAwMH19",
          "dependencies": [
            "google_compute_network.gp-vpc"
          ]
        }
      ]
    },
    {
      "mode": "managed",
      "type": "google_container_cluster",
      "name": "GP_cluster",
      "provider": "provider[\"registry.terraform.io/hashicorp/google\"]",
      "instances": [
        {
          "schema_version": 1,
          "attributes": {
            "addons_config": [
              {
                "cloudrun_config": [],
                "gcp_filestore_csi_driver_config": [],
                "horizontal_pod_autoscaling": [],
                "http_load_balancing": [],
                "network_policy_config": [
                  {
                    "disabled": true
                  }
                ]
              }
            ],
            "authenticator_groups_config": [],
            "cluster_autoscaling": [
              {
                "auto_provisioning_defaults": [],
                "enabled": false,
                "resource_limits": []
              }
            ],
            "cluster_ipv4_cidr": "10.118.200.0/21",
            "confidential_nodes": [],
            "database_encryption": [
              {
                "key_name": "",
                "state": "DECRYPTED"
              }
            ],
            "datapath_provider": "",
            "default_max_pods_per_node": 110,
            "default_snat_status": [
              {
                "disabled": false
              }
            ],
            "description": "",
            "dns_config": [],
            "enable_autopilot": false,
            "enable_binary_authorization": false,
            "enable_intranode_visibility": false,
            "enable_kubernetes_alpha": false,
            "enable_legacy_abac": false,
            "enable_shielded_nodes": true,
            "enable_tpu": false,
            "endpoint": "172.16.0.2",
            "id": "projects/iti-project-340821/locations/europe-west1/clusters/gp-cluster",
            "initial_node_count": 1,
            "ip_allocation_policy": [
              {
                "cluster_ipv4_cidr_block": "10.118.200.0/21",
                "cluster_secondary_range_name": "gke-gp-cluster-pods-77d7b613",
                "services_ipv4_cidr_block": "10.118.208.0/21",
                "services_secondary_range_name": "gke-gp-cluster-services-77d7b613"
              }
            ],
            "label_fingerprint": "a9dc16a7",
            "location": "europe-west1",
            "logging_config": [
              {
                "enable_components": [
                  "SYSTEM_COMPONENTS",
                  "WORKLOADS"
                ]
              }
            ],
            "logging_service": "logging.googleapis.com/kubernetes",
            "maintenance_policy": [],
            "master_auth": [
              {
                "client_certificate": "",
                "client_certificate_config": [
                  {
                    "issue_client_certificate": false
                  }
                ],
                "client_key": "",
                "cluster_ca_certificate": "LS0tLS1CRUdJTiBDRVJUSUZJQ0FURS0tLS0tCk1JSUVMVENDQXBXZ0F3SUJBZ0lSQUtXTU9ITC80MlJkVU1QVzc1czJ4M0l3RFFZSktvWklodmNOQVFFTEJRQXcKTHpFdE1Dc0dBMVVFQXhNa01qY3lObVJqTURndE1URmxaUzAwTVRJd0xXSTBNalF0TmpsbFl6UTBaVE15T0dJMApNQ0FYRFRJeU1ESXdPVEl3TWpVek9Gb1lEekl3TlRJd01qQXlNakV5TlRNNFdqQXZNUzB3S3dZRFZRUURFeVF5Ck56STJaR013T0MweE1XVmxMVFF4TWpBdFlqUXlOQzAyT1dWak5EUmxNekk0WWpRd2dnR2lNQTBHQ1NxR1NJYjMKRFFFQkFRVUFBNElCandBd2dnR0tBb0lCZ1FDMGF2Qm9FQ005MitTOUNkNmRBZ21ieldFeUl3akdOTDhRM0kzNwplLzQySzFjeU5QdXM0c0lYbkR1QlFDd2lqWllKZDIrTEo1RmdoL2lERnlyMkU5aVVhTFZxQlFGR2tKQ0s4cHRoCjd0WFZ1TUZIZ2ZjNEs4NXpJWlpYSGVmUVRCT3ZsTXl5TFFWSGpER3J6amQrQVZHaXZoWmovdU9SRTNHWm1mc0EKLzFzc3FUK3JiT1R4WUJCT1ZFZllSR2twdEdaYlgrVVl2ZzcvZzVlUVY2SCtHS2hCZG4zay9ud2ViVCticzFsMgppenppWmtITHI0N0hrR1pyclp6ZVFrbTVpdkxPVjRNL29WUUVyVUdYY0JJa3o3SXloTlJFZDBRQm9JRGxENThlCmhFd1pWdjI2UzZTdGVHd1JXMkN2WExDbGMwNGdhbzFOaExIY2UzYVg3OWw1OWt2RUNNUmxCeGRwWG9lcnlSSHcKYXZHS1IvQVJXUjlhSXkvWE1QbFVCR25XS1VUKzlmRWh4QXM2b3RCeU00aXpncW0xWHAyWGhtR1l0b0xlYmZaNgpJeTczUmNXZE4vTG91bHQ1U1d2VzA0Q1NUbDZERE9oM0JxUlRMS3BCaXU2RlVobWJyZ05nREpVcG9VMGVBME8zCi9ia0R5a0IxNk1tKzEzMnl3WTdQQWxpcDFDMENBd0VBQWFOQ01FQXdEZ1lEVlIwUEFRSC9CQVFEQWdJRU1BOEcKQTFVZEV3RUIvd1FGTUFNQkFmOHdIUVlEVlIwT0JCWUVGQm9ab095VklMeGJOUk1VVDNuT0lJWWZOc2FxTUEwRwpDU3FHU0liM0RRRUJDd1VBQTRJQmdRQUI0eWxzaWhpcmlMaW5tWDlNbzRLa3hidnV1bnp4MjJldEIvK3AzK1U2CmFXVHdqRE1YZDRVMjJwYWJSdkcxVzJ3QUZRa0d2bCtlbS81eUxmUnBIdVdaOUdsMmsvMkZlZjYzdWNxVXJqbmIKUWJpaVhjYU05WnRZZHhNVld0ZzUrUFhzUDltZXFncitJN0t1OENSUEZ5UE44bkt1d20xNnBKRVlaajUvSmNpYgpZK0o3dERDNDAvbEZVNlUvWkMwZ2t1Vzk4Y3RvYlBveDc4RVhDeEJidDdKdlpXbm9Kd0RXV1g3SW15eTJzalZ1CjZ1MzRhd09Da3oxRUp1Z25oUC93OG8raVpCelVuWG5RYStrVzViTTluZGRYNHkrZ3l4aEFGRHY5Q1hlRUhhQkIKV0Y2VHoybk1ZS2tJenNwMisraGFHTjdBVCtuVDh0S1p3NW9yemJuZVpCZG5DY25IQ2crVS9WVzlqK0F3Y2h5VgpraGFFL21IMUNKeGZJWFNsUFFvdE1Fa1FmTWtzVDBtNWc3aG0xcGlxaXNYVEg4ZnB4VVFwTEpXcTVsZUpkYnlKCk1nSU5saFVnYVAybERmVGk2SjU1OGhSenJZK1ZrUSthWS9peDVJTlB0Slg2bXpBVkdkcTlReWFtNllSTkY5MDEKaWQ1YmtFN24rRkVCNGpNNHk0alk2eG89Ci0tLS0tRU5EIENFUlRJRklDQVRFLS0tLS0K"
              }
            ],
            "master_authorized_networks_config": [
              {
                "cidr_blocks": [
                  {
                    "cidr_block": "10.0.1.0/24",
                    "display_name": ""
                  }
                ]
              }
            ],
            "master_version": "1.21.6-gke.1500",
            "min_master_version": null,
            "monitoring_config": [
              {
                "enable_components": [
                  "SYSTEM_COMPONENTS"
                ]
              }
            ],
            "monitoring_service": "monitoring.googleapis.com/kubernetes",
            "name": "gp-cluster",
            "network": "projects/iti-project-340821/global/networks/gp-vpc",
            "network_policy": [
              {
                "enabled": false,
                "provider": "PROVIDER_UNSPECIFIED"
              }
            ],
            "networking_mode": "VPC_NATIVE",
            "node_config": [],
            "node_locations": [
              "europe-west1-b",
              "europe-west1-c",
              "europe-west1-d"
            ],
            "node_pool": [],
            "node_version": "1.21.6-gke.1500",
            "operation": null,
            "private_cluster_config": [
              {
                "enable_private_endpoint": true,
                "enable_private_nodes": true,
                "master_global_access_config": [
                  {
                    "enabled": false
                  }
                ],
                "master_ipv4_cidr_block": "172.16.0.0/28",
                "peering_name": "gke-n81db3ac6c2660573b6f-b0bd-24cb-peer",
                "private_endpoint": "172.16.0.2",
                "public_endpoint": "35.240.62.140"
              }
            ],
            "private_ipv6_google_access": "",
            "project": "iti-project-340821",
            "release_channel": [
              {
                "channel": "REGULAR"
              }
            ],
            "remove_default_node_pool": true,
            "resource_labels": null,
            "resource_usage_export_config": [],
            "self_link": "https://container.googleapis.com/v1/projects/iti-project-340821/locations/europe-west1/clusters/gp-cluster",
            "services_ipv4_cidr": "10.118.208.0/21",
            "subnetwork": "projects/iti-project-340821/regions/europe-west1/subnetworks/main-subnet",
            "timeouts": null,
            "tpu_ipv4_cidr_block": "",
            "vertical_pod_autoscaling": [],
            "workload_identity_config": []
          },
          "sensitive_attributes": [],
          "private": "eyJlMmJmYjczMC1lY2FhLTExZTYtOGY4OC0zNDM2M2JjN2M0YzAiOnsiY3JlYXRlIjoyNDAwMDAwMDAwMDAwLCJkZWxldGUiOjI0MDAwMDAwMDAwMDAsInJlYWQiOjI0MDAwMDAwMDAwMDAsInVwZGF0ZSI6MzYwMDAwMDAwMDAwMH0sInNjaGVtYV92ZXJzaW9uIjoiMSJ9",
          "dependencies": [
            "google_compute_network.gp-vpc",
            "google_compute_subnetwork.main_subnet"
          ]
        }
      ]
    },
    {
      "mode": "managed",
      "type": "google_container_node_pool",
      "name": "jenkins",
      "provider": "provider[\"registry.terraform.io/hashicorp/google\"]",
      "instances": [
        {
          "schema_version": 1,
          "attributes": {
            "autoscaling": [],
            "cluster": "gp-cluster",
            "id": "projects/iti-project-340821/locations/europe-west1/clusters/gp-cluster/nodePools/jenkins",
            "initial_node_count": 1,
            "instance_group_urls": [
              "https://www.googleapis.com/compute/v1/projects/iti-project-340821/zones/europe-west1-d/instanceGroupManagers/gke-gp-cluster-jenkins-7c3a5b3c-grp",
              "https://www.googleapis.com/compute/v1/projects/iti-project-340821/zones/europe-west1-b/instanceGroupManagers/gke-gp-cluster-jenkins-bc918e4c-grp",
              "https://www.googleapis.com/compute/v1/projects/iti-project-340821/zones/europe-west1-c/instanceGroupManagers/gke-gp-cluster-jenkins-e25b3949-grp"
            ],
            "location": "europe-west1",
            "managed_instance_group_urls": [
              "https://www.googleapis.com/compute/v1/projects/iti-project-340821/zones/europe-west1-d/instanceGroups/gke-gp-cluster-jenkins-7c3a5b3c-grp",
              "https://www.googleapis.com/compute/v1/projects/iti-project-340821/zones/europe-west1-b/instanceGroups/gke-gp-cluster-jenkins-bc918e4c-grp",
              "https://www.googleapis.com/compute/v1/projects/iti-project-340821/zones/europe-west1-c/instanceGroups/gke-gp-cluster-jenkins-e25b3949-grp"
            ],
            "management": [
              {
                "auto_repair": true,
                "auto_upgrade": true
              }
            ],
            "max_pods_per_node": 110,
            "name": "jenkins",
            "name_prefix": "",
            "node_config": [
              {
                "boot_disk_kms_key": "",
                "disk_size_gb": 100,
                "disk_type": "pd-standard",
                "gcfs_config": [],
                "guest_accelerator": [],
                "image_type": "COS_CONTAINERD",
                "labels": {},
                "local_ssd_count": 0,
                "machine_type": "e2-medium",
                "metadata": {
                  "disable-legacy-endpoints": "true"
                },
                "min_cpu_platform": "",
                "node_group": "",
                "oauth_scopes": [
                  "https://www.googleapis.com/auth/logging.write",
                  "https://www.googleapis.com/auth/monitoring"
                ],
                "preemptible": false,
                "service_account": "service-account-id@iti-project-340821.iam.gserviceaccount.com",
                "shielded_instance_config": [
                  {
                    "enable_integrity_monitoring": true,
                    "enable_secure_boot": false
                  }
                ],
                "tags": null,
                "taint": [],
                "workload_metadata_config": []
              }
            ],
            "node_count": 1,
            "node_locations": [
              "europe-west1-b",
              "europe-west1-c",
              "europe-west1-d"
            ],
            "operation": null,
            "project": "iti-project-340821",
            "timeouts": null,
            "upgrade_settings": [
              {
                "max_surge": 1,
                "max_unavailable": 0
              }
            ],
            "version": "1.21.6-gke.1500"
          },
          "sensitive_attributes": [],
          "private": "eyJlMmJmYjczMC1lY2FhLTExZTYtOGY4OC0zNDM2M2JjN2M0YzAiOnsiY3JlYXRlIjoxODAwMDAwMDAwMDAwLCJkZWxldGUiOjE4MDAwMDAwMDAwMDAsInVwZGF0ZSI6MTgwMDAwMDAwMDAwMH0sInNjaGVtYV92ZXJzaW9uIjoiMSJ9",
          "dependencies": [
            "google_compute_network.gp-vpc",
            "google_compute_subnetwork.main_subnet",
            "google_container_cluster.GP_cluster",
            "google_service_account.cluster-sa"
          ]
        }
      ]
    },
    {
      "mode": "managed",
      "type": "google_project_iam_binding",
      "name": "cluster-project",
      "provider": "provider[\"registry.terraform.io/hashicorp/google\"]",
      "instances": [
        {
          "schema_version": 0,
          "attributes": {
            "condition": [],
            "etag": "BwXXnHfcduM=",
            "id": "iti-project-340821/roles/container.admin",
            "members": [
              "serviceAccount:service-account-id@iti-project-340821.iam.gserviceaccount.com"
            ],
            "project": "iti-project-340821",
            "role": "roles/container.admin"
          },
          "sensitive_attributes": [],
          "private": "bnVsbA==",
          "dependencies": [
            "google_service_account.cluster-sa"
          ]
        }
      ]
    },
    {
      "mode": "managed",
      "type": "google_project_iam_binding",
      "name": "vm-project",
      "provider": "provider[\"registry.terraform.io/hashicorp/google\"]",
      "instances": [
        {
          "schema_version": 0,
          "attributes": {
            "condition": [],
            "etag": "BwXXnHfcduM=",
            "id": "iti-project-340821/roles/container.admin",
            "members": [
              "serviceAccount:private-vm-sa@iti-project-340821.iam.gserviceaccount.com"
            ],
            "project": "iti-project-340821",
            "role": "roles/container.admin"
          },
          "sensitive_attributes": [],
          "private": "bnVsbA==",
          "dependencies": [
            "google_service_account.private-vm-sa"
          ]
        }
      ]
    },
    {
      "mode": "managed",
      "type": "google_service_account",
      "name": "cluster-sa",
      "provider": "provider[\"registry.terraform.io/hashicorp/google\"]",
      "instances": [
        {
          "schema_version": 0,
          "attributes": {
            "account_id": "service-account-id",
            "description": "",
            "disabled": false,
            "display_name": "c-service-account",
            "email": "service-account-id@iti-project-340821.iam.gserviceaccount.com",
            "id": "projects/iti-project-340821/serviceAccounts/service-account-id@iti-project-340821.iam.gserviceaccount.com",
            "name": "projects/iti-project-340821/serviceAccounts/service-account-id@iti-project-340821.iam.gserviceaccount.com",
            "project": "iti-project-340821",
            "timeouts": null,
            "unique_id": "114912430661129883483"
          },
          "sensitive_attributes": [],
          "private": "eyJlMmJmYjczMC1lY2FhLTExZTYtOGY4OC0zNDM2M2JjN2M0YzAiOnsiY3JlYXRlIjozMDAwMDAwMDAwMDB9fQ=="
        }
      ]
    },
    {
      "mode": "managed",
      "type": "google_service_account",
      "name": "private-vm-sa",
      "provider": "provider[\"registry.terraform.io/hashicorp/google\"]",
      "instances": [
        {
          "schema_version": 0,
          "attributes": {
            "account_id": "private-vm-sa",
            "description": "",
            "disabled": false,
            "display_name": "mv-service-account",
            "email": "private-vm-sa@iti-project-340821.iam.gserviceaccount.com",
            "id": "projects/iti-project-340821/serviceAccounts/private-vm-sa@iti-project-340821.iam.gserviceaccount.com",
            "name": "projects/iti-project-340821/serviceAccounts/private-vm-sa@iti-project-340821.iam.gserviceaccount.com",
            "project": "iti-project-340821",
            "timeouts": null,
            "unique_id": "113574486743080962407"
          },
          "sensitive_attributes": [],
          "private": "eyJlMmJmYjczMC1lY2FhLTExZTYtOGY4OC0zNDM2M2JjN2M0YzAiOnsiY3JlYXRlIjozMDAwMDAwMDAwMDB9fQ=="
        }
      ]
    }
  ]
}
